
Microsoft Visual Studio Solution File, Format Version 12.00
# Visual Studio Version 17
VisualStudioVersion = 17.0.32112.339
MinimumVisualStudioVersion = 10.0.40219.1
Project("{FAE04EC0-301F-11D3-BF4B-00C04F79EFBC}") = "AtividadeProjetoDeSoftware", "AtividadeProjetoDeSoftware\AtividadeProjetoDeSoftware.csproj", "{40FDF0E3-1F3F-4E96-85BC-5BB65C86B11D}"
EndProject
Global
	GlobalSection(SolutionConfigurationPlatforms) = preSolution
		Debug|Any CPU = Debug|Any CPU
		Release|Any CPU = Release|Any CPU
	EndGlobalSection
	GlobalSection(ProjectConfigurationPlatforms) = postSolution
		{40FDF0E3-1F3F-4E96-85BC-5BB65C86B11D}.Debug|Any CPU.ActiveCfg = Debug|Any CPU
		{40FDF0E3-1F3F-4E96-85BC-5BB65C86B11D}.Debug|Any CPU.Build.0 = Debug|Any CPU
		{40FDF0E3-1F3F-4E96-85BC-5BB65C86B11D}.Release|Any CPU.ActiveCfg = Release|Any CPU
		{40FDF0E3-1F3F-4E96-85BC-5BB65C86B11D}.Release|Any CPU.Build.0 = Release|Any CPU
	EndGlobalSection
	GlobalSection(SolutionProperties) = preSolution
		HideSolutionNode = FALSE
	EndGlobalSection
	GlobalSection(ExtensibilityGlobals) = postSolution
		SolutionGuid = {BA769ABE-0C8A-45D8-B128-273A092B3AF0}
	EndGlobalSection
EndGlobal
